
Microsoft Visual Studio Solution File, Format Version 12.00
# Visual Studio Version 17
VisualStudioVersion = 17.6.33801.468
MinimumVisualStudioVersion = 10.0.40219.1
Project("{FAE04EC0-301F-11D3-BF4B-00C04F79EFBC}") = "TestTask_SimpleProxy", "TestTask_SimpleProxy\TestTask_SimpleProxy.csproj", "{B9655B85-C21A-495C-9CA4-B4CA82A82D84}"
EndProject
Global
	GlobalSection(SolutionConfigurationPlatforms) = preSolution
		Debug|Any CPU = Debug|Any CPU
		Release|Any CPU = Release|Any CPU
	EndGlobalSection
	GlobalSection(ProjectConfigurationPlatforms) = postSolution
		{B9655B85-C21A-495C-9CA4-B4CA82A82D84}.Debug|Any CPU.ActiveCfg = Debug|Any CPU
		{B9655B85-C21A-495C-9CA4-B4CA82A82D84}.Debug|Any CPU.Build.0 = Debug|Any CPU
		{B9655B85-C21A-495C-9CA4-B4CA82A82D84}.Release|Any CPU.ActiveCfg = Release|Any CPU
		{B9655B85-C21A-495C-9CA4-B4CA82A82D84}.Release|Any CPU.Build.0 = Release|Any CPU
	EndGlobalSection
	GlobalSection(SolutionProperties) = preSolution
		HideSolutionNode = FALSE
	EndGlobalSection
	GlobalSection(ExtensibilityGlobals) = postSolution
		SolutionGuid = {25AE1A05-A603-4875-99E7-FF6162A9E9F1}
	EndGlobalSection
EndGlobal
